
Microsoft Visual Studio Solution File, Format Version 12.00
# Visual Studio Version 17
VisualStudioVersion = 17.9.34728.123
MinimumVisualStudioVersion = 10.0.40219.1
Project("{9A19103F-16F7-4668-BE54-9A1E7A4F7556}") = "bms.Leaf", "bms.Leaf\bms.Leaf.csproj", "{F1CD2B58-D14C-4AF4-9481-238D4644B9D2}"
EndProject
Project("{9A19103F-16F7-4668-BE54-9A1E7A4F7556}") = "WpfLeafTest", "WpfLeafTest\WpfLeafTest.csproj", "{2C85B50A-F766-4C1C-9FE4-63D7815079B5}"
EndProject
Project("{9A19103F-16F7-4668-BE54-9A1E7A4F7556}") = "ConsoleLeafTest", "ConsoleLeafTest\ConsoleLeafTest.csproj", "{11022824-6B0C-428D-B276-F1338FEE77D8}"
EndProject
Project("{9A19103F-16F7-4668-BE54-9A1E7A4F7556}") = "bms.WebApi", "bms.WebApi\bms.WebApi.csproj", "{A3C7D1FE-4850-4DA3-BC72-32E9EC4D0456}"
EndProject
Global
	GlobalSection(SolutionConfigurationPlatforms) = preSolution
		Debug|Any CPU = Debug|Any CPU
		Release|Any CPU = Release|Any CPU
	EndGlobalSection
	GlobalSection(ProjectConfigurationPlatforms) = postSolution
		{F1CD2B58-D14C-4AF4-9481-238D4644B9D2}.Debug|Any CPU.ActiveCfg = Debug|Any CPU
		{F1CD2B58-D14C-4AF4-9481-238D4644B9D2}.Debug|Any CPU.Build.0 = Debug|Any CPU
		{F1CD2B58-D14C-4AF4-9481-238D4644B9D2}.Release|Any CPU.ActiveCfg = Release|Any CPU
		{F1CD2B58-D14C-4AF4-9481-238D4644B9D2}.Release|Any CPU.Build.0 = Release|Any CPU
		{2C85B50A-F766-4C1C-9FE4-63D7815079B5}.Debug|Any CPU.ActiveCfg = Debug|Any CPU
		{2C85B50A-F766-4C1C-9FE4-63D7815079B5}.Debug|Any CPU.Build.0 = Debug|Any CPU
		{2C85B50A-F766-4C1C-9FE4-63D7815079B5}.Release|Any CPU.ActiveCfg = Release|Any CPU
		{2C85B50A-F766-4C1C-9FE4-63D7815079B5}.Release|Any CPU.Build.0 = Release|Any CPU
		{11022824-6B0C-428D-B276-F1338FEE77D8}.Debug|Any CPU.ActiveCfg = Debug|Any CPU
		{11022824-6B0C-428D-B276-F1338FEE77D8}.Debug|Any CPU.Build.0 = Debug|Any CPU
		{11022824-6B0C-428D-B276-F1338FEE77D8}.Release|Any CPU.ActiveCfg = Release|Any CPU
		{11022824-6B0C-428D-B276-F1338FEE77D8}.Release|Any CPU.Build.0 = Release|Any CPU
		{A3C7D1FE-4850-4DA3-BC72-32E9EC4D0456}.Debug|Any CPU.ActiveCfg = Debug|Any CPU
		{A3C7D1FE-4850-4DA3-BC72-32E9EC4D0456}.Debug|Any CPU.Build.0 = Debug|Any CPU
		{A3C7D1FE-4850-4DA3-BC72-32E9EC4D0456}.Release|Any CPU.ActiveCfg = Release|Any CPU
		{A3C7D1FE-4850-4DA3-BC72-32E9EC4D0456}.Release|Any CPU.Build.0 = Release|Any CPU
	EndGlobalSection
	GlobalSection(SolutionProperties) = preSolution
		HideSolutionNode = FALSE
	EndGlobalSection
	GlobalSection(ExtensibilityGlobals) = postSolution
		SolutionGuid = {F24AA69D-7AFE-45F0-A6A8-498D4308BB3C}
	EndGlobalSection
EndGlobal
